
Microsoft Visual Studio Solution File, Format Version 12.00
# Visual Studio 14
VisualStudioVersion = 14.0.23107.0
MinimumVisualStudioVersion = 10.0.40219.1
Project("{8BC9CEB8-8B4A-11D0-8D11-00A0C91BC942}") = "Zinc", "Zinc\Zinc.vcxproj", "{679C37CE-AB84-4551-B5EF-2F631660BBA5}"
EndProject
Project("{8BC9CEB8-8B4A-11D0-8D11-00A0C91BC942}") = "Zinc.Test", "Zinc.Test\Zinc.Test.vcxproj", "{D39662C5-676C-4FEA-87E1-0B85F9B59C47}"
EndProject
Project("{8BC9CEB8-8B4A-11D0-8D11-00A0C91BC942}") = "Zinc.Exe", "Zinc.Executable\Zinc.Exe.vcxproj", "{06B54350-0230-4440-B912-A2A7BD30248F}"
EndProject
Global
	GlobalSection(SolutionConfigurationPlatforms) = preSolution
		Debug|x64 = Debug|x64
		Debug|x86 = Debug|x86
		Release|x64 = Release|x64
		Release|x86 = Release|x86
	EndGlobalSection
	GlobalSection(ProjectConfigurationPlatforms) = postSolution
		{679C37CE-AB84-4551-B5EF-2F631660BBA5}.Debug|x64.ActiveCfg = Debug|x64
		{679C37CE-AB84-4551-B5EF-2F631660BBA5}.Debug|x64.Build.0 = Debug|x64
		{679C37CE-AB84-4551-B5EF-2F631660BBA5}.Debug|x86.ActiveCfg = Debug|Win32
		{679C37CE-AB84-4551-B5EF-2F631660BBA5}.Debug|x86.Build.0 = Debug|Win32
		{679C37CE-AB84-4551-B5EF-2F631660BBA5}.Release|x64.ActiveCfg = Release|x64
		{679C37CE-AB84-4551-B5EF-2F631660BBA5}.Release|x64.Build.0 = Release|x64
		{679C37CE-AB84-4551-B5EF-2F631660BBA5}.Release|x86.ActiveCfg = Release|Win32
		{679C37CE-AB84-4551-B5EF-2F631660BBA5}.Release|x86.Build.0 = Release|Win32
		{D39662C5-676C-4FEA-87E1-0B85F9B59C47}.Debug|x64.ActiveCfg = Debug|x64
		{D39662C5-676C-4FEA-87E1-0B85F9B59C47}.Debug|x64.Build.0 = Debug|x64
		{D39662C5-676C-4FEA-87E1-0B85F9B59C47}.Debug|x86.ActiveCfg = Debug|Win32
		{D39662C5-676C-4FEA-87E1-0B85F9B59C47}.Debug|x86.Build.0 = Debug|Win32
		{D39662C5-676C-4FEA-87E1-0B85F9B59C47}.Release|x64.ActiveCfg = Release|x64
		{D39662C5-676C-4FEA-87E1-0B85F9B59C47}.Release|x64.Build.0 = Release|x64
		{D39662C5-676C-4FEA-87E1-0B85F9B59C47}.Release|x86.ActiveCfg = Release|Win32
		{D39662C5-676C-4FEA-87E1-0B85F9B59C47}.Release|x86.Build.0 = Release|Win32
		{06B54350-0230-4440-B912-A2A7BD30248F}.Debug|x64.ActiveCfg = Debug|x64
		{06B54350-0230-4440-B912-A2A7BD30248F}.Debug|x64.Build.0 = Debug|x64
		{06B54350-0230-4440-B912-A2A7BD30248F}.Debug|x86.ActiveCfg = Debug|Win32
		{06B54350-0230-4440-B912-A2A7BD30248F}.Debug|x86.Build.0 = Debug|Win32
		{06B54350-0230-4440-B912-A2A7BD30248F}.Release|x64.ActiveCfg = Release|x64
		{06B54350-0230-4440-B912-A2A7BD30248F}.Release|x64.Build.0 = Release|x64
		{06B54350-0230-4440-B912-A2A7BD30248F}.Release|x86.ActiveCfg = Release|Win32
		{06B54350-0230-4440-B912-A2A7BD30248F}.Release|x86.Build.0 = Release|Win32
	EndGlobalSection
	GlobalSection(SolutionProperties) = preSolution
		HideSolutionNode = FALSE
	EndGlobalSection
EndGlobal
